
Microsoft Visual Studio Solution File, Format Version 12.00
# Visual Studio Version 17
VisualStudioVersion = 17.3.32901.215
MinimumVisualStudioVersion = 10.0.40219.1
Project("{FAE04EC0-301F-11D3-BF4B-00C04F79EFBC}") = "LibraryManagementSystem", "LibraryManagementSystem\LibraryManagementSystem.csproj", "{DE92212E-8309-474F-A3A4-BE341A566956}"
EndProject
Global
	GlobalSection(SolutionConfigurationPlatforms) = preSolution
		Debug|Any CPU = Debug|Any CPU
		Release|Any CPU = Release|Any CPU
	EndGlobalSection
	GlobalSection(ProjectConfigurationPlatforms) = postSolution
		{DE92212E-8309-474F-A3A4-BE341A566956}.Debug|Any CPU.ActiveCfg = Debug|Any CPU
		{DE92212E-8309-474F-A3A4-BE341A566956}.Debug|Any CPU.Build.0 = Debug|Any CPU
		{DE92212E-8309-474F-A3A4-BE341A566956}.Release|Any CPU.ActiveCfg = Release|Any CPU
		{DE92212E-8309-474F-A3A4-BE341A566956}.Release|Any CPU.Build.0 = Release|Any CPU
	EndGlobalSection
	GlobalSection(SolutionProperties) = preSolution
		HideSolutionNode = FALSE
	EndGlobalSection
	GlobalSection(ExtensibilityGlobals) = postSolution
		SolutionGuid = {68F2A408-1E98-44F9-89BC-22233C00B140}
	EndGlobalSection
EndGlobal
